
Microsoft Visual Studio Solution File, Format Version 12.00
# Visual Studio Version 17
VisualStudioVersion = 17.9.34622.214
MinimumVisualStudioVersion = 10.0.40219.1
Project("{FAE04EC0-301F-11D3-BF4B-00C04F79EFBC}") = "vn.com.BTap4_21520739", "vn.com.BTap4_21520739\vn.com.BTap4_21520739.csproj", "{C07BC910-4535-4A08-861B-78A60FEE9125}"
EndProject
Global
	GlobalSection(SolutionConfigurationPlatforms) = preSolution
		Debug|Any CPU = Debug|Any CPU
		Release|Any CPU = Release|Any CPU
	EndGlobalSection
	GlobalSection(ProjectConfigurationPlatforms) = postSolution
		{C07BC910-4535-4A08-861B-78A60FEE9125}.Debug|Any CPU.ActiveCfg = Debug|Any CPU
		{C07BC910-4535-4A08-861B-78A60FEE9125}.Debug|Any CPU.Build.0 = Debug|Any CPU
		{C07BC910-4535-4A08-861B-78A60FEE9125}.Release|Any CPU.ActiveCfg = Release|Any CPU
		{C07BC910-4535-4A08-861B-78A60FEE9125}.Release|Any CPU.Build.0 = Release|Any CPU
	EndGlobalSection
	GlobalSection(SolutionProperties) = preSolution
		HideSolutionNode = FALSE
	EndGlobalSection
	GlobalSection(ExtensibilityGlobals) = postSolution
		SolutionGuid = {14BB0A0D-3B75-48BE-8EDE-E4FAF1BD8447}
	EndGlobalSection
EndGlobal
